
Microsoft Visual Studio Solution File, Format Version 12.00
# Visual Studio Version 17
VisualStudioVersion = 17.1.32407.343
MinimumVisualStudioVersion = 10.0.40219.1
Project("{9A19103F-16F7-4668-BE54-9A1E7A4F7556}") = "OPP_Projektas.Server", "OPP_Projektas\Server\OPP_Projektas.Server.csproj", "{687207C0-364A-485E-86E1-6AFFA50F0DDC}"
EndProject
Project("{9A19103F-16F7-4668-BE54-9A1E7A4F7556}") = "OPP_Projektas.Client", "OPP_Projektas\Client\OPP_Projektas.Client.csproj", "{6F74DC21-4771-4B32-BBCC-8179A900BE0C}"
EndProject
Project("{9A19103F-16F7-4668-BE54-9A1E7A4F7556}") = "OPP_Projektas.Shared", "OPP_Projektas\Shared\OPP_Projektas.Shared.csproj", "{39FBBFF5-7413-4891-9EE9-97983EDCB4B0}"
EndProject
Project("{9A19103F-16F7-4668-BE54-9A1E7A4F7556}") = "UnitTests", "UnitTests\UnitTests.csproj", "{BC63A46B-4483-457D-AFD1-2624B92AE5F4}"
	ProjectSection(ProjectDependencies) = postProject
		{39FBBFF5-7413-4891-9EE9-97983EDCB4B0} = {39FBBFF5-7413-4891-9EE9-97983EDCB4B0}
		{687207C0-364A-485E-86E1-6AFFA50F0DDC} = {687207C0-364A-485E-86E1-6AFFA50F0DDC}
	EndProjectSection
EndProject
Global
	GlobalSection(SolutionConfigurationPlatforms) = preSolution
		Debug|Any CPU = Debug|Any CPU
		Release|Any CPU = Release|Any CPU
	EndGlobalSection
	GlobalSection(ProjectConfigurationPlatforms) = postSolution
		{687207C0-364A-485E-86E1-6AFFA50F0DDC}.Debug|Any CPU.ActiveCfg = Debug|Any CPU
		{687207C0-364A-485E-86E1-6AFFA50F0DDC}.Debug|Any CPU.Build.0 = Debug|Any CPU
		{687207C0-364A-485E-86E1-6AFFA50F0DDC}.Release|Any CPU.ActiveCfg = Release|Any CPU
		{687207C0-364A-485E-86E1-6AFFA50F0DDC}.Release|Any CPU.Build.0 = Release|Any CPU
		{6F74DC21-4771-4B32-BBCC-8179A900BE0C}.Debug|Any CPU.ActiveCfg = Debug|Any CPU
		{6F74DC21-4771-4B32-BBCC-8179A900BE0C}.Debug|Any CPU.Build.0 = Debug|Any CPU
		{6F74DC21-4771-4B32-BBCC-8179A900BE0C}.Release|Any CPU.ActiveCfg = Release|Any CPU
		{6F74DC21-4771-4B32-BBCC-8179A900BE0C}.Release|Any CPU.Build.0 = Release|Any CPU
		{39FBBFF5-7413-4891-9EE9-97983EDCB4B0}.Debug|Any CPU.ActiveCfg = Debug|Any CPU
		{39FBBFF5-7413-4891-9EE9-97983EDCB4B0}.Debug|Any CPU.Build.0 = Debug|Any CPU
		{39FBBFF5-7413-4891-9EE9-97983EDCB4B0}.Release|Any CPU.ActiveCfg = Release|Any CPU
		{39FBBFF5-7413-4891-9EE9-97983EDCB4B0}.Release|Any CPU.Build.0 = Release|Any CPU
		{BC63A46B-4483-457D-AFD1-2624B92AE5F4}.Debug|Any CPU.ActiveCfg = Debug|Any CPU
		{BC63A46B-4483-457D-AFD1-2624B92AE5F4}.Debug|Any CPU.Build.0 = Debug|Any CPU
		{BC63A46B-4483-457D-AFD1-2624B92AE5F4}.Release|Any CPU.ActiveCfg = Release|Any CPU
		{BC63A46B-4483-457D-AFD1-2624B92AE5F4}.Release|Any CPU.Build.0 = Release|Any CPU
	EndGlobalSection
	GlobalSection(SolutionProperties) = preSolution
		HideSolutionNode = FALSE
	EndGlobalSection
	GlobalSection(ExtensibilityGlobals) = postSolution
		SolutionGuid = {66ADE177-AD5F-49D4-901E-6B661F775D47}
	EndGlobalSection
EndGlobal
